
Microsoft Visual Studio Solution File, Format Version 11.00
# Visual Studio 2010
Project("{8BC9CEB8-8B4A-11D0-8D11-00A0C91BC942}") = "newell_P06_2", "newell_P06_2.vcxproj", "{08C03033-FC7B-4177-9A13-448CE68D7485}"
EndProject
Global
	GlobalSection(SolutionConfigurationPlatforms) = preSolution
		Debug|Win32 = Debug|Win32
		Release|Win32 = Release|Win32
	EndGlobalSection
	GlobalSection(ProjectConfigurationPlatforms) = postSolution
		{08C03033-FC7B-4177-9A13-448CE68D7485}.Debug|Win32.ActiveCfg = Debug|Win32
		{08C03033-FC7B-4177-9A13-448CE68D7485}.Debug|Win32.Build.0 = Debug|Win32
		{08C03033-FC7B-4177-9A13-448CE68D7485}.Release|Win32.ActiveCfg = Release|Win32
		{08C03033-FC7B-4177-9A13-448CE68D7485}.Release|Win32.Build.0 = Release|Win32
	EndGlobalSection
	GlobalSection(SolutionProperties) = preSolution
		HideSolutionNode = FALSE
	EndGlobalSection
EndGlobal
